
Microsoft Visual Studio Solution File, Format Version 11.00
# Visual Studio 2010
Project("{FAE04EC0-301F-11D3-BF4B-00C04F79EFBC}") = "FontAwesome.iOS", "FontAwesome.iOS.csproj", "{6FC5AE1A-A170-4F61-A1C0-2CC992CD72EF}"
EndProject
Project("{FAE04EC0-301F-11D3-BF4B-00C04F79EFBC}") = "CodeGen", "..\CodeGen\CodeGen.csproj", "{9C394F84-05B4-4535-B83F-0802774CDDA1}"
EndProject
Project("{FAE04EC0-301F-11D3-BF4B-00C04F79EFBC}") = "FontAwesome.Sample.iOS", "..\Samples\iOS\FontAwesome.Sample.iOS\FontAwesome.Sample.iOS.csproj", "{D515A520-85C0-416E-A33D-5A28985864DA}"
EndProject
Global
	GlobalSection(SolutionConfigurationPlatforms) = preSolution
		Debug|Any CPU = Debug|Any CPU
		Release|Any CPU = Release|Any CPU
		Debug|iPhoneSimulator = Debug|iPhoneSimulator
		Release|iPhoneSimulator = Release|iPhoneSimulator
		Debug|iPhone = Debug|iPhone
		Release|iPhone = Release|iPhone
		Ad-Hoc|iPhone = Ad-Hoc|iPhone
		AppStore|iPhone = AppStore|iPhone
	EndGlobalSection
	GlobalSection(ProjectConfigurationPlatforms) = postSolution
		{6FC5AE1A-A170-4F61-A1C0-2CC992CD72EF}.Ad-Hoc|iPhone.ActiveCfg = Debug|Any CPU
		{6FC5AE1A-A170-4F61-A1C0-2CC992CD72EF}.Ad-Hoc|iPhone.Build.0 = Debug|Any CPU
		{6FC5AE1A-A170-4F61-A1C0-2CC992CD72EF}.AppStore|iPhone.ActiveCfg = Debug|Any CPU
		{6FC5AE1A-A170-4F61-A1C0-2CC992CD72EF}.AppStore|iPhone.Build.0 = Debug|Any CPU
		{6FC5AE1A-A170-4F61-A1C0-2CC992CD72EF}.Debug|Any CPU.ActiveCfg = Debug|Any CPU
		{6FC5AE1A-A170-4F61-A1C0-2CC992CD72EF}.Debug|Any CPU.Build.0 = Debug|Any CPU
		{6FC5AE1A-A170-4F61-A1C0-2CC992CD72EF}.Debug|iPhone.ActiveCfg = Debug|Any CPU
		{6FC5AE1A-A170-4F61-A1C0-2CC992CD72EF}.Debug|iPhone.Build.0 = Debug|Any CPU
		{6FC5AE1A-A170-4F61-A1C0-2CC992CD72EF}.Debug|iPhoneSimulator.ActiveCfg = Debug|Any CPU
		{6FC5AE1A-A170-4F61-A1C0-2CC992CD72EF}.Debug|iPhoneSimulator.Build.0 = Debug|Any CPU
		{6FC5AE1A-A170-4F61-A1C0-2CC992CD72EF}.Release|Any CPU.ActiveCfg = Release|Any CPU
		{6FC5AE1A-A170-4F61-A1C0-2CC992CD72EF}.Release|Any CPU.Build.0 = Release|Any CPU
		{6FC5AE1A-A170-4F61-A1C0-2CC992CD72EF}.Release|iPhone.ActiveCfg = Release|Any CPU
		{6FC5AE1A-A170-4F61-A1C0-2CC992CD72EF}.Release|iPhone.Build.0 = Release|Any CPU
		{6FC5AE1A-A170-4F61-A1C0-2CC992CD72EF}.Release|iPhoneSimulator.ActiveCfg = Release|Any CPU
		{6FC5AE1A-A170-4F61-A1C0-2CC992CD72EF}.Release|iPhoneSimulator.Build.0 = Release|Any CPU
		{9C394F84-05B4-4535-B83F-0802774CDDA1}.Ad-Hoc|iPhone.ActiveCfg = Debug|Any CPU
		{9C394F84-05B4-4535-B83F-0802774CDDA1}.Ad-Hoc|iPhone.Build.0 = Debug|Any CPU
		{9C394F84-05B4-4535-B83F-0802774CDDA1}.AppStore|iPhone.ActiveCfg = Debug|Any CPU
		{9C394F84-05B4-4535-B83F-0802774CDDA1}.AppStore|iPhone.Build.0 = Debug|Any CPU
		{9C394F84-05B4-4535-B83F-0802774CDDA1}.Debug|Any CPU.ActiveCfg = Debug|Any CPU
		{9C394F84-05B4-4535-B83F-0802774CDDA1}.Debug|Any CPU.Build.0 = Debug|Any CPU
		{9C394F84-05B4-4535-B83F-0802774CDDA1}.Debug|iPhone.ActiveCfg = Debug|Any CPU
		{9C394F84-05B4-4535-B83F-0802774CDDA1}.Debug|iPhone.Build.0 = Debug|Any CPU
		{9C394F84-05B4-4535-B83F-0802774CDDA1}.Debug|iPhoneSimulator.ActiveCfg = Debug|Any CPU
		{9C394F84-05B4-4535-B83F-0802774CDDA1}.Debug|iPhoneSimulator.Build.0 = Debug|Any CPU
		{9C394F84-05B4-4535-B83F-0802774CDDA1}.Release|Any CPU.ActiveCfg = Release|Any CPU
		{9C394F84-05B4-4535-B83F-0802774CDDA1}.Release|Any CPU.Build.0 = Release|Any CPU
		{9C394F84-05B4-4535-B83F-0802774CDDA1}.Release|iPhone.ActiveCfg = Release|Any CPU
		{9C394F84-05B4-4535-B83F-0802774CDDA1}.Release|iPhone.Build.0 = Release|Any CPU
		{9C394F84-05B4-4535-B83F-0802774CDDA1}.Release|iPhoneSimulator.ActiveCfg = Release|Any CPU
		{9C394F84-05B4-4535-B83F-0802774CDDA1}.Release|iPhoneSimulator.Build.0 = Release|Any CPU
		{D515A520-85C0-416E-A33D-5A28985864DA}.Ad-Hoc|iPhone.ActiveCfg = Ad-Hoc|iPhone
		{D515A520-85C0-416E-A33D-5A28985864DA}.Ad-Hoc|iPhone.Build.0 = Ad-Hoc|iPhone
		{D515A520-85C0-416E-A33D-5A28985864DA}.AppStore|iPhone.ActiveCfg = AppStore|iPhone
		{D515A520-85C0-416E-A33D-5A28985864DA}.AppStore|iPhone.Build.0 = AppStore|iPhone
		{D515A520-85C0-416E-A33D-5A28985864DA}.Debug|Any CPU.ActiveCfg = Debug|iPhoneSimulator
		{D515A520-85C0-416E-A33D-5A28985864DA}.Debug|Any CPU.Build.0 = Debug|iPhoneSimulator
		{D515A520-85C0-416E-A33D-5A28985864DA}.Debug|iPhone.ActiveCfg = Debug|iPhone
		{D515A520-85C0-416E-A33D-5A28985864DA}.Debug|iPhone.Build.0 = Debug|iPhone
		{D515A520-85C0-416E-A33D-5A28985864DA}.Debug|iPhoneSimulator.ActiveCfg = Debug|iPhoneSimulator
		{D515A520-85C0-416E-A33D-5A28985864DA}.Debug|iPhoneSimulator.Build.0 = Debug|iPhoneSimulator
		{D515A520-85C0-416E-A33D-5A28985864DA}.Release|Any CPU.ActiveCfg = Release|iPhoneSimulator
		{D515A520-85C0-416E-A33D-5A28985864DA}.Release|Any CPU.Build.0 = Release|iPhoneSimulator
		{D515A520-85C0-416E-A33D-5A28985864DA}.Release|iPhone.ActiveCfg = Release|iPhone
		{D515A520-85C0-416E-A33D-5A28985864DA}.Release|iPhone.Build.0 = Release|iPhone
		{D515A520-85C0-416E-A33D-5A28985864DA}.Release|iPhoneSimulator.ActiveCfg = Release|iPhoneSimulator
		{D515A520-85C0-416E-A33D-5A28985864DA}.Release|iPhoneSimulator.Build.0 = Release|iPhoneSimulator
	EndGlobalSection
	GlobalSection(MonoDevelopProperties) = preSolution
		StartupItem = ..\Samples\iOS\FontAwesome.Sample.iOS\FontAwesome.Sample.iOS.csproj
	EndGlobalSection
EndGlobal
